{
    "_readme": [
        "This file locks the dependencies of your project to a known state",
        "Read more about it at https://getcomposer.org/doc/01-basic-usage.md#installing-dependencies",
        "This file is @generated automatically"
    ],
    "content-hash": "d93b20ea88d629d91cb13a06cfc21486",
    "packages": [
        {
            "name": "brick/math",
            "version": "0.7.1",
            "source": {
                "type": "git",
                "url": "https://github.com/brick/math.git",
                "reference": "4f39b97e367bf607f00bc61de9aa70c74b916da3"
            },
            "dist": {
                "type": "zip",
                "url": "https://api.github.com/repos/brick/math/zipball/4f39b97e367bf607f00bc61de9aa70c74b916da3",
                "reference": "4f39b97e367bf607f00bc61de9aa70c74b916da3",
                "shasum": ""
            },
            "require": {
                "php": ">=7.1"
            },
            "require-dev": {
                "phpunit/phpunit": "7.*",
                "satooshi/php-coveralls": "2.*"
            },
            "type": "library",
            "autoload": {
                "psr-4": {
                    "Brick\\Math\\": "src/"
                }
            },
            "notification-url": "https://packagist.org/downloads/",
            "license": [
                "MIT"
            ],
            "description": "Arbitrary-precision arithmetic library",
            "keywords": [
                "Arbitrary-precision",
                "BigInteger",
                "BigRational",
                "arithmetic",
                "bigdecimal",
                "brick",
                "math"
            ],
            "time": "2018-02-27T13:51:17+00:00"
        }
    ],
    "packages-dev": [],
    "aliases": [],
    "minimum-stability": "stable",
    "stability-flags": [],
    "prefer-stable": false,
    "prefer-lowest": false,
    "platform": {
        "php": ">7.0.0"
    },
    "platform-dev": []
}
